// !$*UTF8*$!
{
	archiveVersion = 1;
	classes = {
	};
	objectVersion = 46;
	objects = {

/* Begin PBXBuildFile section */
		89000F4C15D0CA840015EBC3 /* UIKit.framework in Frameworks */ = {isa = PBXBuildFile; fileRef = 89000F4B15D0CA840015EBC3 /* UIKit.framework */; };
		89000F4E15D0CA840015EBC3 /* Foundation.framework in Frameworks */ = {isa = PBXBuildFile; fileRef = 89000F4D15D0CA840015EBC3 /* Foundation.framework */; };
		89000F5015D0CA840015EBC3 /* CoreGraphics.framework in Frameworks */ = {isa = PBXBuildFile; fileRef = 89000F4F15D0CA840015EBC3 /* CoreGraphics.framework */; };
		89000F5615D0CA840015EBC3 /* InfoPlist.strings in Resources */ = {isa = PBXBuildFile; fileRef = 89000F5415D0CA840015EBC3 /* InfoPlist.strings */; };
		89000F5815D0CA840015EBC3 /* main.m in Sources */ = {isa = PBXBuildFile; fileRef = 89000F5715D0CA840015EBC3 /* main.m */; };
		89000F5C15D0CA840015EBC3 /* BEAppDelegate.m in Sources */ = {isa = PBXBuildFile; fileRef = 89000F5B15D0CA840015EBC3 /* BEAppDelegate.m */; };
		89000F5F15D0CA840015EBC3 /* BEViewController.m in Sources */ = {isa = PBXBuildFile; fileRef = 89000F5E15D0CA840015EBC3 /* BEViewController.m */; };
		89000F6215D0CA840015EBC3 /* BEViewController.xib in Resources */ = {isa = PBXBuildFile; fileRef = 89000F6015D0CA840015EBC3 /* BEViewController.xib */; };
		89000F6915D0CB670015EBC3 /* ADifferentBundle.bundle in Resources */ = {isa = PBXBuildFile; fileRef = 89000F6815D0CB670015EBC3 /* ADifferentBundle.bundle */; };
/* End PBXBuildFile section */

/* Begin PBXFileReference section */
		89000F4715D0CA840015EBC3 /* ABundleInFull.app */ = {isa = PBXFileReference; explicitFileType = wrapper.application; includeInIndex = 0; path = ABundleInFull.app; sourceTree = BUILT_PRODUCTS_DIR; };
		89000F4B15D0CA840015EBC3 /* UIKit.framework */ = {isa = PBXFileReference; lastKnownFileType = wrapper.framework; name = UIKit.framework; path = System/Library/Frameworks/UIKit.framework; sourceTree = SDKROOT; };
		89000F4D15D0CA840015EBC3 /* Foundation.framework */ = {isa = PBXFileReference; lastKnownFileType = wrapper.framework; name = Foundation.framework; path = System/Library/Frameworks/Foundation.framework; sourceTree = SDKROOT; };
		89000F4F15D0CA840015EBC3 /* CoreGraphics.framework */ = {isa = PBXFileReference; lastKnownFileType = wrapper.framework; name = CoreGraphics.framework; path = System/Library/Frameworks/CoreGraphics.framework; sourceTree = SDKROOT; };
		89000F5315D0CA840015EBC3 /* ABundleInFull-Info.plist */ = {isa = PBXFileReference; lastKnownFileType = text.plist.xml; path = "ABundleInFull-Info.plist"; sourceTree = "<group>"; };
		89000F5515D0CA840015EBC3 /* en */ = {isa = PBXFileReference; lastKnownFileType = text.plist.strings; name = en; path = en.lproj/InfoPlist.strings; sourceTree = "<group>"; };
		89000F5715D0CA840015EBC3 /* main.m */ = {isa = PBXFileReference; lastKnownFileType = sourcecode.c.objc; path = main.m; sourceTree = "<group>"; };
		89000F5915D0CA840015EBC3 /* ABundleInFull-Prefix.pch */ = {isa = PBXFileReference; lastKnownFileType = sourcecode.c.h; path = "ABundleInFull-Prefix.pch"; sourceTree = "<group>"; };
		89000F5A15D0CA840015EBC3 /* BEAppDelegate.h */ = {isa = PBXFileReference; lastKnownFileType = sourcecode.c.h; path = BEAppDelegate.h; sourceTree = "<group>"; };
		89000F5B15D0CA840015EBC3 /* BEAppDelegate.m */ = {isa = PBXFileReference; lastKnownFileType = sourcecode.c.objc; path = BEAppDelegate.m; sourceTree = "<group>"; };
		89000F5D15D0CA840015EBC3 /* BEViewController.h */ = {isa = PBXFileReference; lastKnownFileType = sourcecode.c.h; path = BEViewController.h; sourceTree = "<group>"; };
		89000F5E15D0CA840015EBC3 /* BEViewController.m */ = {isa = PBXFileReference; lastKnownFileType = sourcecode.c.objc; path = BEViewController.m; sourceTree = "<group>"; };
		89000F6115D0CA840015EBC3 /* en */ = {isa = PBXFileReference; lastKnownFileType = file.xib; name = en; path = en.lproj/BEViewController.xib; sourceTree = "<group>"; };
		89000F6815D0CB670015EBC3 /* ADifferentBundle.bundle */ = {isa = PBXFileReference; lastKnownFileType = "wrapper.plug-in"; path = ADifferentBundle.bundle; sourceTree = "<group>"; };
/* End PBXFileReference section */

/* Begin PBXFrameworksBuildPhase section */
		89000F4415D0CA840015EBC3 /* Frameworks */ = {
			isa = PBXFrameworksBuildPhase;
			buildActionMask = 2147483647;
			files = (
				89000F4C15D0CA840015EBC3 /* UIKit.framework in Frameworks */,
				89000F4E15D0CA840015EBC3 /* Foundation.framework in Frameworks */,
				89000F5015D0CA840015EBC3 /* CoreGraphics.framework in Frameworks */,
			);
			runOnlyForDeploymentPostprocessing = 0;
		};
/* End PBXFrameworksBuildPhase section */

/* Begin PBXGroup section */
		89000F3C15D0CA840015EBC3 = {
			isa = PBXGroup;
			children = (
				89000F5115D0CA840015EBC3 /* ABundleInFull */,
				89000F4A15D0CA840015EBC3 /* Frameworks */,
				89000F4815D0CA840015EBC3 /* Products */,
			);
			sourceTree = "<group>";
		};
		89000F4815D0CA840015EBC3 /* Products */ = {
			isa = PBXGroup;
			children = (
				89000F4715D0CA840015EBC3 /* ABundleInFull.app */,
			);
			name = Products;
			sourceTree = "<group>";
		};
		89000F4A15D0CA840015EBC3 /* Frameworks */ = {
			isa = PBXGroup;
			children = (
				89000F4B15D0CA840015EBC3 /* UIKit.framework */,
				89000F4D15D0CA840015EBC3 /* Foundation.framework */,
				89000F4F15D0CA840015EBC3 /* CoreGraphics.framework */,
			);
			name = Frameworks;
			sourceTree = "<group>";
		};
		89000F5115D0CA840015EBC3 /* ABundleInFull */ = {
			isa = PBXGroup;
			children = (
				89000F6815D0CB670015EBC3 /* ADifferentBundle.bundle */,
				89000F5A15D0CA840015EBC3 /* BEAppDelegate.h */,
				89000F5B15D0CA840015EBC3 /* BEAppDelegate.m */,
				89000F5D15D0CA840015EBC3 /* BEViewController.h */,
				89000F5E15D0CA840015EBC3 /* BEViewController.m */,
				89000F6015D0CA840015EBC3 /* BEViewController.xib */,
				89000F5215D0CA840015EBC3 /* Supporting Files */,
			);
			path = ABundleInFull;
			sourceTree = "<group>";
		};
		89000F5215D0CA840015EBC3 /* Supporting Files */ = {
			isa = PBXGroup;
			children = (
				89000F5315D0CA840015EBC3 /* ABundleInFull-Info.plist */,
				89000F5415D0CA840015EBC3 /* InfoPlist.strings */,
				89000F5715D0CA840015EBC3 /* main.m */,
				89000F5915D0CA840015EBC3 /* ABundleInFull-Prefix.pch */,
			);
			name = "Supporting Files";
			sourceTree = "<group>";
		};
/* End PBXGroup section */

/* Begin PBXNativeTarget section */
		89000F4615D0CA840015EBC3 /* ABundleInFull */ = {
			isa = PBXNativeTarget;
			buildConfigurationList = 89000F6515D0CA840015EBC3 /* Build configuration list for PBXNativeTarget "ABundleInFull" */;
			buildPhases = (
				89000F4315D0CA840015EBC3 /* Sources */,
				89000F4415D0CA840015EBC3 /* Frameworks */,
				89000F4515D0CA840015EBC3 /* Resources */,
			);
			buildRules = (
			);
			dependencies = (
			);
			name = ABundleInFull;
			productName = ABundleInFull;
			productReference = 89000F4715D0CA840015EBC3 /* ABundleInFull.app */;
			productType = "com.apple.product-type.application";
		};
/* End PBXNativeTarget section */

/* Begin PBXProject section */
		89000F3E15D0CA840015EBC3 /* Project object */ = {
			isa = PBXProject;
			attributes = {
				CLASSPREFIX = BE;
				LastUpgradeCheck = 0440;
				ORGANIZATIONNAME = "Michael Langford";
			};
			buildConfigurationList = 89000F4115D0CA840015EBC3 /* Build configuration list for PBXProject "ABundleInFull" */;
			compatibilityVersion = "Xcode 3.2";
			developmentRegion = English;
			hasScannedForEncodings = 0;
			knownRegions = (
				en,
			);
			mainGroup = 89000F3C15D0CA840015EBC3;
			productRefGroup = 89000F4815D0CA840015EBC3 /* Products */;
			projectDirPath = "";
			projectRoot = "";
			targets = (
				89000F4615D0CA840015EBC3 /* ABundleInFull */,
			);
		};
/* End PBXProject section */

/* Begin PBXResourcesBuildPhase section */
		89000F4515D0CA840015EBC3 /* Resources */ = {
			isa = PBXResourcesBuildPhase;
			buildActionMask = 2147483647;
			files = (
				89000F5615D0CA840015EBC3 /* InfoPlist.strings in Resources */,
				89000F6215D0CA840015EBC3 /* BEViewController.xib in Resources */,
				89000F6915D0CB670015EBC3 /* ADifferentBundle.bundle in Resources */,
			);
			runOnlyForDeploymentPostprocessing = 0;
		};
/* End PBXResourcesBuildPhase section */

/* Begin PBXSourcesBuildPhase section */
		89000F4315D0CA840015EBC3 /* Sources */ = {
			isa = PBXSourcesBuildPhase;
			buildActionMask = 2147483647;
			files = (
				89000F5815D0CA840015EBC3 /* main.m in Sources */,
				89000F5C15D0CA840015EBC3 /* BEAppDelegate.m in Sources */,
				89000F5F15D0CA840015EBC3 /* BEViewController.m in Sources */,
			);
			runOnlyForDeploymentPostprocessing = 0;
		};
/* End PBXSourcesBuildPhase section */

/* Begin PBXVariantGroup section */
		89000F5415D0CA840015EBC3 /* InfoPlist.strings */ = {
			isa = PBXVariantGroup;
			children = (
				89000F5515D0CA840015EBC3 /* en */,
			);
			name = InfoPlist.strings;
			sourceTree = "<group>";
		};
		89000F6015D0CA840015EBC3 /* BEViewController.xib */ = {
			isa = PBXVariantGroup;
			children = (
				89000F6115D0CA840015EBC3 /* en */,
			);
			name = BEViewController.xib;
			sourceTree = "<group>";
		};
/* End PBXVariantGroup section */

/* Begin XCBuildConfiguration section */
		89000F6315D0CA840015EBC3 /* Debug */ = {
			isa = XCBuildConfiguration;
			buildSettings = {
				ALWAYS_SEARCH_USER_PATHS = NO;
				ARCHS = "$(ARCHS_STANDARD_32_BIT)";
				CLANG_CXX_LANGUAGE_STANDARD = "gnu++0x";
				CLANG_ENABLE_OBJC_ARC = YES;
				CLANG_WARN__DUPLICATE_METHOD_MATCH = YES;
				"CODE_SIGN_IDENTITY[sdk=iphoneos*]" = "iPhone Developer";
				COPY_PHASE_STRIP = NO;
				GCC_C_LANGUAGE_STANDARD = gnu99;
				GCC_DYNAMIC_NO_PIC = NO;
				GCC_OPTIMIZATION_LEVEL = 0;
				GCC_PREPROCESSOR_DEFINITIONS = (
					"DEBUG=1",
					"$(inherited)",
				);
				GCC_SYMBOLS_PRIVATE_EXTERN = NO;
				GCC_VERSION = com.apple.compilers.llvm.clang.1_0;
				GCC_WARN_ABOUT_RETURN_TYPE = YES;
				GCC_WARN_UNINITIALIZED_AUTOS = YES;
				GCC_WARN_UNUSED_VARIABLE = YES;
				IPHONEOS_DEPLOYMENT_TARGET = 5.1;
				SDKROOT = iphoneos;
			};
			name = Debug;
		};
		89000F6415D0CA840015EBC3 /* Release */ = {
			isa = XCBuildConfiguration;
			buildSettings = {
				ALWAYS_SEARCH_USER_PATHS = NO;
				ARCHS = "$(ARCHS_STANDARD_32_BIT)";
				CLANG_CXX_LANGUAGE_STANDARD = "gnu++0x";
				CLANG_ENABLE_OBJC_ARC = YES;
				CLANG_WARN__DUPLICATE_METHOD_MATCH = YES;
				"CODE_SIGN_IDENTITY[sdk=iphoneos*]" = "iPhone Developer";
				COPY_PHASE_STRIP = YES;
				GCC_C_LANGUAGE_STANDARD = gnu99;
				GCC_VERSION = com.apple.compilers.llvm.clang.1_0;
				GCC_WARN_ABOUT_RETURN_TYPE = YES;
				GCC_WARN_UNINITIALIZED_AUTOS = YES;
				GCC_WARN_UNUSED_VARIABLE = YES;
				IPHONEOS_DEPLOYMENT_TARGET = 5.1;
				OTHER_CFLAGS = "-DNS_BLOCK_ASSERTIONS=1";
				SDKROOT = iphoneos;
				VALIDATE_PRODUCT = YES;
			};
			name = Release;
		};
		89000F6615D0CA840015EBC3 /* Debug */ = {
			isa = XCBuildConfiguration;
			buildSettings = {
				GCC_PRECOMPILE_PREFIX_HEADER = YES;
				GCC_PREFIX_HEADER = "ABundleInFull/ABundleInFull-Prefix.pch";
				INFOPLIST_FILE = "ABundleInFull/ABundleInFull-Info.plist";
				PRODUCT_NAME = "$(TARGET_NAME)";
				WRAPPER_EXTENSION = app;
			};
			name = Debug;
		};
		89000F6715D0CA840015EBC3 /* Release */ = {
			isa = XCBuildConfiguration;
			buildSettings = {
				GCC_PRECOMPILE_PREFIX_HEADER = YES;
				GCC_PREFIX_HEADER = "ABundleInFull/ABundleInFull-Prefix.pch";
				INFOPLIST_FILE = "ABundleInFull/ABundleInFull-Info.plist";
				PRODUCT_NAME = "$(TARGET_NAME)";
				WRAPPER_EXTENSION = app;
			};
			name = Release;
		};
/* End XCBuildConfiguration section */

/* Begin XCConfigurationList section */
		89000F4115D0CA840015EBC3 /* Build configuration list for PBXProject "ABundleInFull" */ = {
			isa = XCConfigurationList;
			buildConfigurations = (
				89000F6315D0CA840015EBC3 /* Debug */,
				89000F6415D0CA840015EBC3 /* Release */,
			);
			defaultConfigurationIsVisible = 0;
			defaultConfigurationName = Release;
		};
		89000F6515D0CA840015EBC3 /* Build configuration list for PBXNativeTarget "ABundleInFull" */ = {
			isa = XCConfigurationList;
			buildConfigurations = (
				89000F6615D0CA840015EBC3 /* Debug */,
				89000F6715D0CA840015EBC3 /* Release */,
			);
			defaultConfigurationIsVisible = 0;
		};
/* End XCConfigurationList section */
	};
	rootObject = 89000F3E15D0CA840015EBC3 /* Project object */;
}
